{
  "pins" : [
    {
      "identity" : "ios-cmp-app",
      "kind" : "remoteSourceControl",
      "location" : "http://github.com/SourcePointUSA/ios-cmp-app.git",
      "state" : {
        "revision" : "2ff4e4099c8732b8ed40a31bf5282e442b6a53c2",
        "version" : "7.0.1"
      }
    }
  ],
  "version" : 2
}
